
Microsoft Visual Studio Solution File, Format Version 12.00
# Visual Studio 14
VisualStudioVersion = 14.0.24720.0
MinimumVisualStudioVersion = 10.0.40219.1
Project("{FAE04EC0-301F-11D3-BF4B-00C04F79EFBC}") = "MyLanguagePalService", "MyLanguagePalService\MyLanguagePalService.csproj", "{231C7716-CBA5-46F2-8159-9EC88A02D248}"
EndProject
Project("{FAE04EC0-301F-11D3-BF4B-00C04F79EFBC}") = "MyLanguagePalService.Tests", "MyLanguagePalService.Tests\MyLanguagePalService.Tests.csproj", "{18444471-A743-480C-A5E0-374903A70141}"
EndProject
Global
	GlobalSection(SolutionConfigurationPlatforms) = preSolution
		Debug|Any CPU = Debug|Any CPU
		Release|Any CPU = Release|Any CPU
	EndGlobalSection
	GlobalSection(ProjectConfigurationPlatforms) = postSolution
		{231C7716-CBA5-46F2-8159-9EC88A02D248}.Debug|Any CPU.ActiveCfg = Debug|Any CPU
		{231C7716-CBA5-46F2-8159-9EC88A02D248}.Debug|Any CPU.Build.0 = Debug|Any CPU
		{231C7716-CBA5-46F2-8159-9EC88A02D248}.Release|Any CPU.ActiveCfg = Release|Any CPU
		{231C7716-CBA5-46F2-8159-9EC88A02D248}.Release|Any CPU.Build.0 = Release|Any CPU
		{18444471-A743-480C-A5E0-374903A70141}.Debug|Any CPU.ActiveCfg = Debug|Any CPU
		{18444471-A743-480C-A5E0-374903A70141}.Release|Any CPU.ActiveCfg = Release|Any CPU
		{18444471-A743-480C-A5E0-374903A70141}.Release|Any CPU.Build.0 = Release|Any CPU
	EndGlobalSection
	GlobalSection(SolutionProperties) = preSolution
		HideSolutionNode = FALSE
	EndGlobalSection
EndGlobal
